
Microsoft Visual Studio Solution File, Format Version 12.00
# Visual Studio Version 17
VisualStudioVersion = 17.14.36203.30 d17.14
MinimumVisualStudioVersion = 10.0.40219.1
Project("{FAE04EC0-301F-11D3-BF4B-00C04F79EFBC}") = "SaladCart", "SaladCart.csproj", "{14538BFB-0332-4B27-A913-7BAAC513A7DD}"
EndProject
Global
	GlobalSection(SolutionConfigurationPlatforms) = preSolution
		Debug|Any CPU = Debug|Any CPU
		Release|Any CPU = Release|Any CPU
	EndGlobalSection
	GlobalSection(ProjectConfigurationPlatforms) = postSolution
		{14538BFB-0332-4B27-A913-7BAAC513A7DD}.Debug|Any CPU.ActiveCfg = Debug|Any CPU
		{14538BFB-0332-4B27-A913-7BAAC513A7DD}.Debug|Any CPU.Build.0 = Debug|Any CPU
		{14538BFB-0332-4B27-A913-7BAAC513A7DD}.Release|Any CPU.ActiveCfg = Release|Any CPU
		{14538BFB-0332-4B27-A913-7BAAC513A7DD}.Release|Any CPU.Build.0 = Release|Any CPU
	EndGlobalSection
	GlobalSection(SolutionProperties) = preSolution
		HideSolutionNode = FALSE
	EndGlobalSection
	GlobalSection(ExtensibilityGlobals) = postSolution
		SolutionGuid = {4D6583E0-0071-4853-AEE0-17366A053AC3}
	EndGlobalSection
EndGlobal
